
Microsoft Visual Studio Solution File, Format Version 12.00
# Visual Studio Version 17
VisualStudioVersion = 17.11.35312.102
MinimumVisualStudioVersion = 10.0.40219.1
Project("{9A19103F-16F7-4668-BE54-9A1E7A4F7556}") = "LibraryManagementSystem", "LibraryManagementSystem\LibraryManagementSystem.csproj", "{DD3B6CA4-925C-4699-BDD3-2B07F04E4EDA}"
EndProject
Project("{FAE04EC0-301F-11D3-BF4B-00C04F79EFBC}") = "LibraryManagementSystem.Tests", "LibraryManagementSystem.Tests\LibraryManagementSystem.Tests.csproj", "{73510CFD-C22F-4DA9-88E2-43B64F660867}"
EndProject
Global
	GlobalSection(SolutionConfigurationPlatforms) = preSolution
		Debug|Any CPU = Debug|Any CPU
		Release|Any CPU = Release|Any CPU
	EndGlobalSection
	GlobalSection(ProjectConfigurationPlatforms) = postSolution
		{DD3B6CA4-925C-4699-BDD3-2B07F04E4EDA}.Debug|Any CPU.ActiveCfg = Debug|Any CPU
		{DD3B6CA4-925C-4699-BDD3-2B07F04E4EDA}.Debug|Any CPU.Build.0 = Debug|Any CPU
		{DD3B6CA4-925C-4699-BDD3-2B07F04E4EDA}.Release|Any CPU.ActiveCfg = Release|Any CPU
		{DD3B6CA4-925C-4699-BDD3-2B07F04E4EDA}.Release|Any CPU.Build.0 = Release|Any CPU
		{73510CFD-C22F-4DA9-88E2-43B64F660867}.Debug|Any CPU.ActiveCfg = Debug|Any CPU
		{73510CFD-C22F-4DA9-88E2-43B64F660867}.Debug|Any CPU.Build.0 = Debug|Any CPU
		{73510CFD-C22F-4DA9-88E2-43B64F660867}.Release|Any CPU.ActiveCfg = Release|Any CPU
		{73510CFD-C22F-4DA9-88E2-43B64F660867}.Release|Any CPU.Build.0 = Release|Any CPU
	EndGlobalSection
	GlobalSection(SolutionProperties) = preSolution
		HideSolutionNode = FALSE
	EndGlobalSection
	GlobalSection(ExtensibilityGlobals) = postSolution
		SolutionGuid = {598913F0-705B-43BC-8316-E2751DF9E52E}
	EndGlobalSection
EndGlobal
